
Microsoft Visual Studio Solution File, Format Version 12.00
# Visual Studio Version 17
VisualStudioVersion = 17.12.35209.166
MinimumVisualStudioVersion = 10.0.40219.1
Project("{8BC9CEB8-8B4A-11D0-8D11-00A0C91BC942}") = "Bank Transaction System", "Bank Transaction System.vcxproj", "{437489F6-9D01-44AA-84C1-7F50A90DADE6}"
EndProject
Global
	GlobalSection(SolutionConfigurationPlatforms) = preSolution
		Debug|x64 = Debug|x64
		Debug|x86 = Debug|x86
		Release|x64 = Release|x64
		Release|x86 = Release|x86
	EndGlobalSection
	GlobalSection(ProjectConfigurationPlatforms) = postSolution
		{437489F6-9D01-44AA-84C1-7F50A90DADE6}.Debug|x64.ActiveCfg = Debug|x64
		{437489F6-9D01-44AA-84C1-7F50A90DADE6}.Debug|x64.Build.0 = Debug|x64
		{437489F6-9D01-44AA-84C1-7F50A90DADE6}.Debug|x86.ActiveCfg = Debug|Win32
		{437489F6-9D01-44AA-84C1-7F50A90DADE6}.Debug|x86.Build.0 = Debug|Win32
		{437489F6-9D01-44AA-84C1-7F50A90DADE6}.Release|x64.ActiveCfg = Release|x64
		{437489F6-9D01-44AA-84C1-7F50A90DADE6}.Release|x64.Build.0 = Release|x64
		{437489F6-9D01-44AA-84C1-7F50A90DADE6}.Release|x86.ActiveCfg = Release|Win32
		{437489F6-9D01-44AA-84C1-7F50A90DADE6}.Release|x86.Build.0 = Release|Win32
	EndGlobalSection
	GlobalSection(SolutionProperties) = preSolution
		HideSolutionNode = FALSE
	EndGlobalSection
	GlobalSection(ExtensibilityGlobals) = postSolution
		SolutionGuid = {8F3B48F3-1ECA-4A1B-9FB1-F3243886715E}
	EndGlobalSection
EndGlobal
